// !$*UTF8*$!
{
	archiveVersion = 1;
	classes = {
	};
	objectVersion = 56;
	objects = {

/* Begin PBXBuildFile section */
		F017F1DD2B5AF9E700BDD03B /* UML_ProjectApp.swift in Sources */ = {isa = PBXBuildFile; fileRef = F017F1DC2B5AF9E700BDD03B /* UML_ProjectApp.swift */; };
		F017F1DF2B5AF9E700BDD03B /* ContentView.swift in Sources */ = {isa = PBXBuildFile; fileRef = F017F1DE2B5AF9E700BDD03B /* ContentView.swift */; };
		F017F1E12B5AF9E800BDD03B /* Assets.xcassets in Resources */ = {isa = PBXBuildFile; fileRef = F017F1E02B5AF9E800BDD03B /* Assets.xcassets */; };
		F017F1E42B5AF9E800BDD03B /* Preview Assets.xcassets in Resources */ = {isa = PBXBuildFile; fileRef = F017F1E32B5AF9E800BDD03B /* Preview Assets.xcassets */; };
		F017F1EE2B5AF9E800BDD03B /* UML_ProjectTests.swift in Sources */ = {isa = PBXBuildFile; fileRef = F017F1ED2B5AF9E800BDD03B /* UML_ProjectTests.swift */; };
		F017F1F82B5AF9E800BDD03B /* UML_ProjectUITests.swift in Sources */ = {isa = PBXBuildFile; fileRef = F017F1F72B5AF9E800BDD03B /* UML_ProjectUITests.swift */; };
		F017F1FA2B5AF9E800BDD03B /* UML_ProjectUITestsLaunchTests.swift in Sources */ = {isa = PBXBuildFile; fileRef = F017F1F92B5AF9E800BDD03B /* UML_ProjectUITestsLaunchTests.swift */; };
/* End PBXBuildFile section */

/* Begin PBXContainerItemProxy section */
		F017F1EA2B5AF9E800BDD03B /* PBXContainerItemProxy */ = {
			isa = PBXContainerItemProxy;
			containerPortal = F017F1D12B5AF9E700BDD03B /* Project object */;
			proxyType = 1;
			remoteGlobalIDString = F017F1D82B5AF9E700BDD03B;
			remoteInfo = "UML Project";
		};
		F017F1F42B5AF9E800BDD03B /* PBXContainerItemProxy */ = {
			isa = PBXContainerItemProxy;
			containerPortal = F017F1D12B5AF9E700BDD03B /* Project object */;
			proxyType = 1;
			remoteGlobalIDString = F017F1D82B5AF9E700BDD03B;
			remoteInfo = "UML Project";
		};
/* End PBXContainerItemProxy section */

/* Begin PBXFileReference section */
		F017F1D92B5AF9E700BDD03B /* UML Project.app */ = {isa = PBXFileReference; explicitFileType = wrapper.application; includeInIndex = 0; path = "UML Project.app"; sourceTree = BUILT_PRODUCTS_DIR; };
		F017F1DC2B5AF9E700BDD03B /* UML_ProjectApp.swift */ = {isa = PBXFileReference; lastKnownFileType = sourcecode.swift; path = UML_ProjectApp.swift; sourceTree = "<group>"; };
		F017F1DE2B5AF9E700BDD03B /* ContentView.swift */ = {isa = PBXFileReference; lastKnownFileType = sourcecode.swift; path = ContentView.swift; sourceTree = "<group>"; };
		F017F1E02B5AF9E800BDD03B /* Assets.xcassets */ = {isa = PBXFileReference; lastKnownFileType = folder.assetcatalog; path = Assets.xcassets; sourceTree = "<group>"; };
		F017F1E32B5AF9E800BDD03B /* Preview Assets.xcassets */ = {isa = PBXFileReference; lastKnownFileType = folder.assetcatalog; path = "Preview Assets.xcassets"; sourceTree = "<group>"; };
		F017F1E92B5AF9E800BDD03B /* UML ProjectTests.xctest */ = {isa = PBXFileReference; explicitFileType = wrapper.cfbundle; includeInIndex = 0; path = "UML ProjectTests.xctest"; sourceTree = BUILT_PRODUCTS_DIR; };
		F017F1ED2B5AF9E800BDD03B /* UML_ProjectTests.swift */ = {isa = PBXFileReference; lastKnownFileType = sourcecode.swift; path = UML_ProjectTests.swift; sourceTree = "<group>"; };
		F017F1F32B5AF9E800BDD03B /* UML ProjectUITests.xctest */ = {isa = PBXFileReference; explicitFileType = wrapper.cfbundle; includeInIndex = 0; path = "UML ProjectUITests.xctest"; sourceTree = BUILT_PRODUCTS_DIR; };
		F017F1F72B5AF9E800BDD03B /* UML_ProjectUITests.swift */ = {isa = PBXFileReference; lastKnownFileType = sourcecode.swift; path = UML_ProjectUITests.swift; sourceTree = "<group>"; };
		F017F1F92B5AF9E800BDD03B /* UML_ProjectUITestsLaunchTests.swift */ = {isa = PBXFileReference; lastKnownFileType = sourcecode.swift; path = UML_ProjectUITestsLaunchTests.swift; sourceTree = "<group>"; };
/* End PBXFileReference section */

/* Begin PBXFrameworksBuildPhase section */
		F017F1D62B5AF9E700BDD03B /* Frameworks */ = {
			isa = PBXFrameworksBuildPhase;
			buildActionMask = 2147483647;
			files = (
			);
			runOnlyForDeploymentPostprocessing = 0;
		};
		F017F1E62B5AF9E800BDD03B /* Frameworks */ = {
			isa = PBXFrameworksBuildPhase;
			buildActionMask = 2147483647;
			files = (
			);
			runOnlyForDeploymentPostprocessing = 0;
		};
		F017F1F02B5AF9E800BDD03B /* Frameworks */ = {
			isa = PBXFrameworksBuildPhase;
			buildActionMask = 2147483647;
			files = (
			);
			runOnlyForDeploymentPostprocessing = 0;
		};
/* End PBXFrameworksBuildPhase section */

/* Begin PBXGroup section */
		F017F1D02B5AF9E700BDD03B = {
			isa = PBXGroup;
			children = (
				F017F1DB2B5AF9E700BDD03B /* UML Project */,
				F017F1EC2B5AF9E800BDD03B /* UML ProjectTests */,
				F017F1F62B5AF9E800BDD03B /* UML ProjectUITests */,
				F017F1DA2B5AF9E700BDD03B /* Products */,
			);
			sourceTree = "<group>";
		};
		F017F1DA2B5AF9E700BDD03B /* Products */ = {
			isa = PBXGroup;
			children = (
				F017F1D92B5AF9E700BDD03B /* UML Project.app */,
				F017F1E92B5AF9E800BDD03B /* UML ProjectTests.xctest */,
				F017F1F32B5AF9E800BDD03B /* UML ProjectUITests.xctest */,
			);
			name = Products;
			sourceTree = "<group>";
		};
		F017F1DB2B5AF9E700BDD03B /* UML Project */ = {
			isa = PBXGroup;
			children = (
				F017F1DC2B5AF9E700BDD03B /* UML_ProjectApp.swift */,
				F017F1DE2B5AF9E700BDD03B /* ContentView.swift */,
				F017F1E02B5AF9E800BDD03B /* Assets.xcassets */,
				F017F1E22B5AF9E800BDD03B /* Preview Content */,
			);
			path = "UML Project";
			sourceTree = "<group>";
		};
		F017F1E22B5AF9E800BDD03B /* Preview Content */ = {
			isa = PBXGroup;
			children = (
				F017F1E32B5AF9E800BDD03B /* Preview Assets.xcassets */,
			);
			path = "Preview Content";
			sourceTree = "<group>";
		};
		F017F1EC2B5AF9E800BDD03B /* UML ProjectTests */ = {
			isa = PBXGroup;
			children = (
				F017F1ED2B5AF9E800BDD03B /* UML_ProjectTests.swift */,
			);
			path = "UML ProjectTests";
			sourceTree = "<group>";
		};
		F017F1F62B5AF9E800BDD03B /* UML ProjectUITests */ = {
			isa = PBXGroup;
			children = (
				F017F1F72B5AF9E800BDD03B /* UML_ProjectUITests.swift */,
				F017F1F92B5AF9E800BDD03B /* UML_ProjectUITestsLaunchTests.swift */,
			);
			path = "UML ProjectUITests";
			sourceTree = "<group>";
		};
/* End PBXGroup section */

/* Begin PBXNativeTarget section */
		F017F1D82B5AF9E700BDD03B /* UML Project */ = {
			isa = PBXNativeTarget;
			buildConfigurationList = F017F1FD2B5AF9E800BDD03B /* Build configuration list for PBXNativeTarget "UML Project" */;
			buildPhases = (
				F017F1D52B5AF9E700BDD03B /* Sources */,
				F017F1D62B5AF9E700BDD03B /* Frameworks */,
				F017F1D72B5AF9E700BDD03B /* Resources */,
			);
			buildRules = (
			);
			dependencies = (
			);
			name = "UML Project";
			productName = "UML Project";
			productReference = F017F1D92B5AF9E700BDD03B /* UML Project.app */;
			productType = "com.apple.product-type.application";
		};
		F017F1E82B5AF9E800BDD03B /* UML ProjectTests */ = {
			isa = PBXNativeTarget;
			buildConfigurationList = F017F2002B5AF9E800BDD03B /* Build configuration list for PBXNativeTarget "UML ProjectTests" */;
			buildPhases = (
				F017F1E52B5AF9E800BDD03B /* Sources */,
				F017F1E62B5AF9E800BDD03B /* Frameworks */,
				F017F1E72B5AF9E800BDD03B /* Resources */,
			);
			buildRules = (
			);
			dependencies = (
				F017F1EB2B5AF9E800BDD03B /* PBXTargetDependency */,
			);
			name = "UML ProjectTests";
			productName = "UML ProjectTests";
			productReference = F017F1E92B5AF9E800BDD03B /* UML ProjectTests.xctest */;
			productType = "com.apple.product-type.bundle.unit-test";
		};
		F017F1F22B5AF9E800BDD03B /* UML ProjectUITests */ = {
			isa = PBXNativeTarget;
			buildConfigurationList = F017F2032B5AF9E800BDD03B /* Build configuration list for PBXNativeTarget "UML ProjectUITests" */;
			buildPhases = (
				F017F1EF2B5AF9E800BDD03B /* Sources */,
				F017F1F02B5AF9E800BDD03B /* Frameworks */,
				F017F1F12B5AF9E800BDD03B /* Resources */,
			);
			buildRules = (
			);
			dependencies = (
				F017F1F52B5AF9E800BDD03B /* PBXTargetDependency */,
			);
			name = "UML ProjectUITests";
			productName = "UML ProjectUITests";
			productReference = F017F1F32B5AF9E800BDD03B /* UML ProjectUITests.xctest */;
			productType = "com.apple.product-type.bundle.ui-testing";
		};
/* End PBXNativeTarget section */

/* Begin PBXProject section */
		F017F1D12B5AF9E700BDD03B /* Project object */ = {
			isa = PBXProject;
			attributes = {
				BuildIndependentTargetsInParallel = 1;
				LastSwiftUpdateCheck = 1520;
				LastUpgradeCheck = 1520;
				TargetAttributes = {
					F017F1D82B5AF9E700BDD03B = {
						CreatedOnToolsVersion = 15.2;
					};
					F017F1E82B5AF9E800BDD03B = {
						CreatedOnToolsVersion = 15.2;
						TestTargetID = F017F1D82B5AF9E700BDD03B;
					};
					F017F1F22B5AF9E800BDD03B = {
						CreatedOnToolsVersion = 15.2;
						TestTargetID = F017F1D82B5AF9E700BDD03B;
					};
				};
			};
			buildConfigurationList = F017F1D42B5AF9E700BDD03B /* Build configuration list for PBXProject "UML Project" */;
			compatibilityVersion = "Xcode 14.0";
			developmentRegion = en;
			hasScannedForEncodings = 0;
			knownRegions = (
				en,
				Base,
			);
			mainGroup = F017F1D02B5AF9E700BDD03B;
			productRefGroup = F017F1DA2B5AF9E700BDD03B /* Products */;
			projectDirPath = "";
			projectRoot = "";
			targets = (
				F017F1D82B5AF9E700BDD03B /* UML Project */,
				F017F1E82B5AF9E800BDD03B /* UML ProjectTests */,
				F017F1F22B5AF9E800BDD03B /* UML ProjectUITests */,
			);
		};
/* End PBXProject section */

/* Begin PBXResourcesBuildPhase section */
		F017F1D72B5AF9E700BDD03B /* Resources */ = {
			isa = PBXResourcesBuildPhase;
			buildActionMask = 2147483647;
			files = (
				F017F1E42B5AF9E800BDD03B /* Preview Assets.xcassets in Resources */,
				F017F1E12B5AF9E800BDD03B /* Assets.xcassets in Resources */,
			);
			runOnlyForDeploymentPostprocessing = 0;
		};
		F017F1E72B5AF9E800BDD03B /* Resources */ = {
			isa = PBXResourcesBuildPhase;
			buildActionMask = 2147483647;
			files = (
			);
			runOnlyForDeploymentPostprocessing = 0;
		};
		F017F1F12B5AF9E800BDD03B /* Resources */ = {
			isa = PBXResourcesBuildPhase;
			buildActionMask = 2147483647;
			files = (
			);
			runOnlyForDeploymentPostprocessing = 0;
		};
/* End PBXResourcesBuildPhase section */

/* Begin PBXSourcesBuildPhase section */
		F017F1D52B5AF9E700BDD03B /* Sources */ = {
			isa = PBXSourcesBuildPhase;
			buildActionMask = 2147483647;
			files = (
				F017F1DF2B5AF9E700BDD03B /* ContentView.swift in Sources */,
				F017F1DD2B5AF9E700BDD03B /* UML_ProjectApp.swift in Sources */,
			);
			runOnlyForDeploymentPostprocessing = 0;
		};
		F017F1E52B5AF9E800BDD03B /* Sources */ = {
			isa = PBXSourcesBuildPhase;
			buildActionMask = 2147483647;
			files = (
				F017F1EE2B5AF9E800BDD03B /* UML_ProjectTests.swift in Sources */,
			);
			runOnlyForDeploymentPostprocessing = 0;
		};
		F017F1EF2B5AF9E800BDD03B /* Sources */ = {
			isa = PBXSourcesBuildPhase;
			buildActionMask = 2147483647;
			files = (
				F017F1F82B5AF9E800BDD03B /* UML_ProjectUITests.swift in Sources */,
				F017F1FA2B5AF9E800BDD03B /* UML_ProjectUITestsLaunchTests.swift in Sources */,
			);
			runOnlyForDeploymentPostprocessing = 0;
		};
/* End PBXSourcesBuildPhase section */

/* Begin PBXTargetDependency section */
		F017F1EB2B5AF9E800BDD03B /* PBXTargetDependency */ = {
			isa = PBXTargetDependency;
			target = F017F1D82B5AF9E700BDD03B /* UML Project */;
			targetProxy = F017F1EA2B5AF9E800BDD03B /* PBXContainerItemProxy */;
		};
		F017F1F52B5AF9E800BDD03B /* PBXTargetDependency */ = {
			isa = PBXTargetDependency;
			target = F017F1D82B5AF9E700BDD03B /* UML Project */;
			targetProxy = F017F1F42B5AF9E800BDD03B /* PBXContainerItemProxy */;
		};
/* End PBXTargetDependency section */

/* Begin XCBuildConfiguration section */
		F017F1FB2B5AF9E800BDD03B /* Debug */ = {
			isa = XCBuildConfiguration;
			buildSettings = {
				ALWAYS_SEARCH_USER_PATHS = NO;
				ASSETCATALOG_COMPILER_GENERATE_SWIFT_ASSET_SYMBOL_EXTENSIONS = YES;
				CLANG_ANALYZER_NONNULL = YES;
				CLANG_ANALYZER_NUMBER_OBJECT_CONVERSION = YES_AGGRESSIVE;
				CLANG_CXX_LANGUAGE_STANDARD = "gnu++20";
				CLANG_ENABLE_MODULES = YES;
				CLANG_ENABLE_OBJC_ARC = YES;
				CLANG_ENABLE_OBJC_WEAK = YES;
				CLANG_WARN_BLOCK_CAPTURE_AUTORELEASING = YES;
				CLANG_WARN_BOOL_CONVERSION = YES;
				CLANG_WARN_COMMA = YES;
				CLANG_WARN_CONSTANT_CONVERSION = YES;
				CLANG_WARN_DEPRECATED_OBJC_IMPLEMENTATIONS = YES;
				CLANG_WARN_DIRECT_OBJC_ISA_USAGE = YES_ERROR;
				CLANG_WARN_DOCUMENTATION_COMMENTS = YES;
				CLANG_WARN_EMPTY_BODY = YES;
				CLANG_WARN_ENUM_CONVERSION = YES;
				CLANG_WARN_INFINITE_RECURSION = YES;
				CLANG_WARN_INT_CONVERSION = YES;
				CLANG_WARN_NON_LITERAL_NULL_CONVERSION = YES;
				CLANG_WARN_OBJC_IMPLICIT_RETAIN_SELF = YES;
				CLANG_WARN_OBJC_LITERAL_CONVERSION = YES;
				CLANG_WARN_OBJC_ROOT_CLASS = YES_ERROR;
				CLANG_WARN_QUOTED_INCLUDE_IN_FRAMEWORK_HEADER = YES;
				CLANG_WARN_RANGE_LOOP_ANALYSIS = YES;
				CLANG_WARN_STRICT_PROTOTYPES = YES;
				CLANG_WARN_SUSPICIOUS_MOVE = YES;
				CLANG_WARN_UNGUARDED_AVAILABILITY = YES_AGGRESSIVE;
				CLANG_WARN_UNREACHABLE_CODE = YES;
				CLANG_WARN__DUPLICATE_METHOD_MATCH = YES;
				COPY_PHASE_STRIP = NO;
				DEBUG_INFORMATION_FORMAT = dwarf;
				ENABLE_STRICT_OBJC_MSGSEND = YES;
				ENABLE_TESTABILITY = YES;
				ENABLE_USER_SCRIPT_SANDBOXING = YES;
				GCC_C_LANGUAGE_STANDARD = gnu17;
				GCC_DYNAMIC_NO_PIC = NO;
				GCC_NO_COMMON_BLOCKS = YES;
				GCC_OPTIMIZATION_LEVEL = 0;
				GCC_PREPROCESSOR_DEFINITIONS = (
					"DEBUG=1",
					"$(inherited)",
				);
				GCC_WARN_64_TO_32_BIT_CONVERSION = YES;
				GCC_WARN_ABOUT_RETURN_TYPE = YES_ERROR;
				GCC_WARN_UNDECLARED_SELECTOR = YES;
				GCC_WARN_UNINITIALIZED_AUTOS = YES_AGGRESSIVE;
				GCC_WARN_UNUSED_FUNCTION = YES;
				GCC_WARN_UNUSED_VARIABLE = YES;
				IPHONEOS_DEPLOYMENT_TARGET = 17.2;
				LOCALIZATION_PREFERS_STRING_CATALOGS = YES;
				MTL_ENABLE_DEBUG_INFO = INCLUDE_SOURCE;
				MTL_FAST_MATH = YES;
				ONLY_ACTIVE_ARCH = YES;
				SDKROOT = iphoneos;
				SWIFT_ACTIVE_COMPILATION_CONDITIONS = "DEBUG $(inherited)";
				SWIFT_OPTIMIZATION_LEVEL = "-Onone";
			};
			name = Debug;
		};
		F017F1FC2B5AF9E800BDD03B /* Release */ = {
			isa = XCBuildConfiguration;
			buildSettings = {
				ALWAYS_SEARCH_USER_PATHS = NO;
				ASSETCATALOG_COMPILER_GENERATE_SWIFT_ASSET_SYMBOL_EXTENSIONS = YES;
				CLANG_ANALYZER_NONNULL = YES;
				CLANG_ANALYZER_NUMBER_OBJECT_CONVERSION = YES_AGGRESSIVE;
				CLANG_CXX_LANGUAGE_STANDARD = "gnu++20";
				CLANG_ENABLE_MODULES = YES;
				CLANG_ENABLE_OBJC_ARC = YES;
				CLANG_ENABLE_OBJC_WEAK = YES;
				CLANG_WARN_BLOCK_CAPTURE_AUTORELEASING = YES;
				CLANG_WARN_BOOL_CONVERSION = YES;
				CLANG_WARN_COMMA = YES;
				CLANG_WARN_CONSTANT_CONVERSION = YES;
				CLANG_WARN_DEPRECATED_OBJC_IMPLEMENTATIONS = YES;
				CLANG_WARN_DIRECT_OBJC_ISA_USAGE = YES_ERROR;
				CLANG_WARN_DOCUMENTATION_COMMENTS = YES;
				CLANG_WARN_EMPTY_BODY = YES;
				CLANG_WARN_ENUM_CONVERSION = YES;
				CLANG_WARN_INFINITE_RECURSION = YES;
				CLANG_WARN_INT_CONVERSION = YES;
				CLANG_WARN_NON_LITERAL_NULL_CONVERSION = YES;
				CLANG_WARN_OBJC_IMPLICIT_RETAIN_SELF = YES;
				CLANG_WARN_OBJC_LITERAL_CONVERSION = YES;
				CLANG_WARN_OBJC_ROOT_CLASS = YES_ERROR;
				CLANG_WARN_QUOTED_INCLUDE_IN_FRAMEWORK_HEADER = YES;
				CLANG_WARN_RANGE_LOOP_ANALYSIS = YES;
				CLANG_WARN_STRICT_PROTOTYPES = YES;
				CLANG_WARN_SUSPICIOUS_MOVE = YES;
				CLANG_WARN_UNGUARDED_AVAILABILITY = YES_AGGRESSIVE;
				CLANG_WARN_UNREACHABLE_CODE = YES;
				CLANG_WARN__DUPLICATE_METHOD_MATCH = YES;
				COPY_PHASE_STRIP = NO;
				DEBUG_INFORMATION_FORMAT = "dwarf-with-dsym";
				ENABLE_NS_ASSERTIONS = NO;
				ENABLE_STRICT_OBJC_MSGSEND = YES;
				ENABLE_USER_SCRIPT_SANDBOXING = YES;
				GCC_C_LANGUAGE_STANDARD = gnu17;
				GCC_NO_COMMON_BLOCKS = YES;
				GCC_WARN_64_TO_32_BIT_CONVERSION = YES;
				GCC_WARN_ABOUT_RETURN_TYPE = YES_ERROR;
				GCC_WARN_UNDECLARED_SELECTOR = YES;
				GCC_WARN_UNINITIALIZED_AUTOS = YES_AGGRESSIVE;
				GCC_WARN_UNUSED_FUNCTION = YES;
				GCC_WARN_UNUSED_VARIABLE = YES;
				IPHONEOS_DEPLOYMENT_TARGET = 17.2;
				LOCALIZATION_PREFERS_STRING_CATALOGS = YES;
				MTL_ENABLE_DEBUG_INFO = NO;
				MTL_FAST_MATH = YES;
				SDKROOT = iphoneos;
				SWIFT_COMPILATION_MODE = wholemodule;
				VALIDATE_PRODUCT = YES;
			};
			name = Release;
		};
		F017F1FE2B5AF9E800BDD03B /* Debug */ = {
			isa = XCBuildConfiguration;
			buildSettings = {
				ASSETCATALOG_COMPILER_APPICON_NAME = AppIcon;
				ASSETCATALOG_COMPILER_GLOBAL_ACCENT_COLOR_NAME = AccentColor;
				CODE_SIGN_STYLE = Automatic;
				CURRENT_PROJECT_VERSION = 1;
				DEVELOPMENT_ASSET_PATHS = "\"UML Project/Preview Content\"";
				ENABLE_PREVIEWS = YES;
				GENERATE_INFOPLIST_FILE = YES;
				INFOPLIST_KEY_UIApplicationSceneManifest_Generation = YES;
				INFOPLIST_KEY_UIApplicationSupportsIndirectInputEvents = YES;
				INFOPLIST_KEY_UILaunchScreen_Generation = YES;
				INFOPLIST_KEY_UISupportedInterfaceOrientations_iPad = "UIInterfaceOrientationPortrait UIInterfaceOrientationPortraitUpsideDown UIInterfaceOrientationLandscapeLeft UIInterfaceOrientationLandscapeRight";
				INFOPLIST_KEY_UISupportedInterfaceOrientations_iPhone = "UIInterfaceOrientationPortrait UIInterfaceOrientationLandscapeLeft UIInterfaceOrientationLandscapeRight";
				LD_RUNPATH_SEARCH_PATHS = (
					"$(inherited)",
					"@executable_path/Frameworks",
				);
				MARKETING_VERSION = 1.0;
				PRODUCT_BUNDLE_IDENTIFIER = "berkay.UML-Project";
				PRODUCT_NAME = "$(TARGET_NAME)";
				SWIFT_EMIT_LOC_STRINGS = YES;
				SWIFT_VERSION = 5.0;
				TARGETED_DEVICE_FAMILY = "1,2";
			};
			name = Debug;
		};
		F017F1FF2B5AF9E800BDD03B /* Release */ = {
			isa = XCBuildConfiguration;
			buildSettings = {
				ASSETCATALOG_COMPILER_APPICON_NAME = AppIcon;
				ASSETCATALOG_COMPILER_GLOBAL_ACCENT_COLOR_NAME = AccentColor;
				CODE_SIGN_STYLE = Automatic;
				CURRENT_PROJECT_VERSION = 1;
				DEVELOPMENT_ASSET_PATHS = "\"UML Project/Preview Content\"";
				ENABLE_PREVIEWS = YES;
				GENERATE_INFOPLIST_FILE = YES;
				INFOPLIST_KEY_UIApplicationSceneManifest_Generation = YES;
				INFOPLIST_KEY_UIApplicationSupportsIndirectInputEvents = YES;
				INFOPLIST_KEY_UILaunchScreen_Generation = YES;
				INFOPLIST_KEY_UISupportedInterfaceOrientations_iPad = "UIInterfaceOrientationPortrait UIInterfaceOrientationPortraitUpsideDown UIInterfaceOrientationLandscapeLeft UIInterfaceOrientationLandscapeRight";
				INFOPLIST_KEY_UISupportedInterfaceOrientations_iPhone = "UIInterfaceOrientationPortrait UIInterfaceOrientationLandscapeLeft UIInterfaceOrientationLandscapeRight";
				LD_RUNPATH_SEARCH_PATHS = (
					"$(inherited)",
					"@executable_path/Frameworks",
				);
				MARKETING_VERSION = 1.0;
				PRODUCT_BUNDLE_IDENTIFIER = "berkay.UML-Project";
				PRODUCT_NAME = "$(TARGET_NAME)";
				SWIFT_EMIT_LOC_STRINGS = YES;
				SWIFT_VERSION = 5.0;
				TARGETED_DEVICE_FAMILY = "1,2";
			};
			name = Release;
		};
		F017F2012B5AF9E800BDD03B /* Debug */ = {
			isa = XCBuildConfiguration;
			buildSettings = {
				ALWAYS_EMBED_SWIFT_STANDARD_LIBRARIES = YES;
				BUNDLE_LOADER = "$(TEST_HOST)";
				CODE_SIGN_STYLE = Automatic;
				CURRENT_PROJECT_VERSION = 1;
				GENERATE_INFOPLIST_FILE = YES;
				IPHONEOS_DEPLOYMENT_TARGET = 17.2;
				MARKETING_VERSION = 1.0;
				PRODUCT_BUNDLE_IDENTIFIER = "berkay.UML-ProjectTests";
				PRODUCT_NAME = "$(TARGET_NAME)";
				SWIFT_EMIT_LOC_STRINGS = NO;
				SWIFT_VERSION = 5.0;
				TARGETED_DEVICE_FAMILY = "1,2";
				TEST_HOST = "$(BUILT_PRODUCTS_DIR)/UML Project.app/$(BUNDLE_EXECUTABLE_FOLDER_PATH)/UML Project";
			};
			name = Debug;
		};
		F017F2022B5AF9E800BDD03B /* Release */ = {
			isa = XCBuildConfiguration;
			buildSettings = {
				ALWAYS_EMBED_SWIFT_STANDARD_LIBRARIES = YES;
				BUNDLE_LOADER = "$(TEST_HOST)";
				CODE_SIGN_STYLE = Automatic;
				CURRENT_PROJECT_VERSION = 1;
				GENERATE_INFOPLIST_FILE = YES;
				IPHONEOS_DEPLOYMENT_TARGET = 17.2;
				MARKETING_VERSION = 1.0;
				PRODUCT_BUNDLE_IDENTIFIER = "berkay.UML-ProjectTests";
				PRODUCT_NAME = "$(TARGET_NAME)";
				SWIFT_EMIT_LOC_STRINGS = NO;
				SWIFT_VERSION = 5.0;
				TARGETED_DEVICE_FAMILY = "1,2";
				TEST_HOST = "$(BUILT_PRODUCTS_DIR)/UML Project.app/$(BUNDLE_EXECUTABLE_FOLDER_PATH)/UML Project";
			};
			name = Release;
		};
		F017F2042B5AF9E800BDD03B /* Debug */ = {
			isa = XCBuildConfiguration;
			buildSettings = {
				ALWAYS_EMBED_SWIFT_STANDARD_LIBRARIES = YES;
				CODE_SIGN_STYLE = Automatic;
				CURRENT_PROJECT_VERSION = 1;
				GENERATE_INFOPLIST_FILE = YES;
				MARKETING_VERSION = 1.0;
				PRODUCT_BUNDLE_IDENTIFIER = "berkay.UML-ProjectUITests";
				PRODUCT_NAME = "$(TARGET_NAME)";
				SWIFT_EMIT_LOC_STRINGS = NO;
				SWIFT_VERSION = 5.0;
				TARGETED_DEVICE_FAMILY = "1,2";
				TEST_TARGET_NAME = "UML Project";
			};
			name = Debug;
		};
		F017F2052B5AF9E800BDD03B /* Release */ = {
			isa = XCBuildConfiguration;
			buildSettings = {
				ALWAYS_EMBED_SWIFT_STANDARD_LIBRARIES = YES;
				CODE_SIGN_STYLE = Automatic;
				CURRENT_PROJECT_VERSION = 1;
				GENERATE_INFOPLIST_FILE = YES;
				MARKETING_VERSION = 1.0;
				PRODUCT_BUNDLE_IDENTIFIER = "berkay.UML-ProjectUITests";
				PRODUCT_NAME = "$(TARGET_NAME)";
				SWIFT_EMIT_LOC_STRINGS = NO;
				SWIFT_VERSION = 5.0;
				TARGETED_DEVICE_FAMILY = "1,2";
				TEST_TARGET_NAME = "UML Project";
			};
			name = Release;
		};
/* End XCBuildConfiguration section */

/* Begin XCConfigurationList section */
		F017F1D42B5AF9E700BDD03B /* Build configuration list for PBXProject "UML Project" */ = {
			isa = XCConfigurationList;
			buildConfigurations = (
				F017F1FB2B5AF9E800BDD03B /* Debug */,
				F017F1FC2B5AF9E800BDD03B /* Release */,
			);
			defaultConfigurationIsVisible = 0;
			defaultConfigurationName = Release;
		};
		F017F1FD2B5AF9E800BDD03B /* Build configuration list for PBXNativeTarget "UML Project" */ = {
			isa = XCConfigurationList;
			buildConfigurations = (
				F017F1FE2B5AF9E800BDD03B /* Debug */,
				F017F1FF2B5AF9E800BDD03B /* Release */,
			);
			defaultConfigurationIsVisible = 0;
			defaultConfigurationName = Release;
		};
		F017F2002B5AF9E800BDD03B /* Build configuration list for PBXNativeTarget "UML ProjectTests" */ = {
			isa = XCConfigurationList;
			buildConfigurations = (
				F017F2012B5AF9E800BDD03B /* Debug */,
				F017F2022B5AF9E800BDD03B /* Release */,
			);
			defaultConfigurationIsVisible = 0;
			defaultConfigurationName = Release;
		};
		F017F2032B5AF9E800BDD03B /* Build configuration list for PBXNativeTarget "UML ProjectUITests" */ = {
			isa = XCConfigurationList;
			buildConfigurations = (
				F017F2042B5AF9E800BDD03B /* Debug */,
				F017F2052B5AF9E800BDD03B /* Release */,
			);
			defaultConfigurationIsVisible = 0;
			defaultConfigurationName = Release;
		};
/* End XCConfigurationList section */
	};
	rootObject = F017F1D12B5AF9E700BDD03B /* Project object */;
}
